{
  "version": 4,
  "terraform_version": "0.12.7",
  "serial": 4,
  "lineage": "fbafd986-282f-e01e-a827-f685ddf59def",
  "outputs": {
    "ami": {
      "value": [
        "ami-05c1fa8df71875112",
        "ami-05c1fa8df71875112",
        "ami-05c1fa8df71875112"
      ],
      "type": [
        "tuple",
        [
          "string",
          "string",
          "string"
        ]
      ]
    },
    "external_ip": {
      "value": [
        true,
        true,
        true
      ],
      "type": [
        "tuple",
        [
          "bool",
          "bool",
          "bool"
        ]
      ]
    },
    "instance_type": {
      "value": [
        "t2.micro",
        "t2.micro",
        "t2.micro"
      ],
      "type": [
        "tuple",
        [
          "string",
          "string",
          "string"
        ]
      ]
    },
    "region": {
      "value": "us-east-2",
      "type": "string"
    }
  },
  "resources": [
    {
      "mode": "managed",
      "type": "aws_instance",
      "name": "ec2",
      "each": "list",
      "provider": "provider.aws",
      "instances": [
        {
          "index_key": 0,
          "schema_version": 1,
          "attributes": {
            "ami": "ami-05c1fa8df71875112",
            "arn": "arn:aws:ec2:us-east-2:473876058653:instance/i-06c9f8563bb2779f0",
            "associate_public_ip_address": true,
            "availability_zone": "us-east-2b",
            "cpu_core_count": 1,
            "cpu_threads_per_core": 1,
            "credit_specification": [
              {
                "cpu_credits": "standard"
              }
            ],
            "disable_api_termination": false,
            "ebs_block_device": [],
            "ebs_optimized": false,
            "ephemeral_block_device": [],
            "get_password_data": false,
            "host_id": null,
            "iam_instance_profile": "",
            "id": "i-06c9f8563bb2779f0",
            "instance_initiated_shutdown_behavior": null,
            "instance_state": "running",
            "instance_type": "t2.micro",
            "ipv6_address_count": 0,
            "ipv6_addresses": [],
            "key_name": "",
            "monitoring": false,
            "network_interface": [],
            "network_interface_id": null,
            "password_data": "",
            "placement_group": "",
            "primary_network_interface_id": "eni-0d1e8e0d9b9e3346b",
            "private_dns": "ip-172-31-31-77.us-east-2.compute.internal",
            "private_ip": "172.31.31.77",
            "public_dns": "ec2-18-222-132-69.us-east-2.compute.amazonaws.com",
            "public_ip": "18.222.132.69",
            "root_block_device": [
              {
                "delete_on_termination": true,
                "encrypted": false,
                "iops": 105,
                "kms_key_id": "",
                "volume_id": "vol-05c4acade37fbd201",
                "volume_size": 35,
                "volume_type": "gp2"
              }
            ],
            "security_groups": [
              "default"
            ],
            "source_dest_check": true,
            "subnet_id": "subnet-faafe780",
            "tags": {
              "Count": "3",
              "Environment": "web",
              "Name": "udemy-1-web-udemy",
              "Project": "udemy",
              "Region": "us-east-2",
              "Timestamp": "2019-09-06T12-00-01Z"
            },
            "tenancy": "default",
            "timeouts": null,
            "user_data": null,
            "user_data_base64": null,
            "volume_tags": {},
            "vpc_security_group_ids": [
              "sg-b994f5da"
            ]
          },
          "private": "eyJlMmJmYjczMC1lY2FhLTExZTYtOGY4OC0zNDM2M2JjN2M0YzAiOnsiY3JlYXRlIjo2MDAwMDAwMDAwMDAsImRlbGV0ZSI6MTIwMDAwMDAwMDAwMCwidXBkYXRlIjo2MDAwMDAwMDAwMDB9LCJzY2hlbWFfdmVyc2lvbiI6IjEifQ=="
        },
        {
          "index_key": 1,
          "schema_version": 1,
          "attributes": {
            "ami": "ami-05c1fa8df71875112",
            "arn": "arn:aws:ec2:us-east-2:473876058653:instance/i-010c2988f34be8fda",
            "associate_public_ip_address": true,
            "availability_zone": "us-east-2b",
            "cpu_core_count": 1,
            "cpu_threads_per_core": 1,
            "credit_specification": [
              {
                "cpu_credits": "standard"
              }
            ],
            "disable_api_termination": false,
            "ebs_block_device": [],
            "ebs_optimized": false,
            "ephemeral_block_device": [],
            "get_password_data": false,
            "host_id": null,
            "iam_instance_profile": "",
            "id": "i-010c2988f34be8fda",
            "instance_initiated_shutdown_behavior": null,
            "instance_state": "running",
            "instance_type": "t2.micro",
            "ipv6_address_count": 0,
            "ipv6_addresses": [],
            "key_name": "",
            "monitoring": false,
            "network_interface": [],
            "network_interface_id": null,
            "password_data": "",
            "placement_group": "",
            "primary_network_interface_id": "eni-0c75b8f6449536863",
            "private_dns": "ip-172-31-17-228.us-east-2.compute.internal",
            "private_ip": "172.31.17.228",
            "public_dns": "ec2-18-222-174-81.us-east-2.compute.amazonaws.com",
            "public_ip": "18.222.174.81",
            "root_block_device": [
              {
                "delete_on_termination": true,
                "encrypted": false,
                "iops": 105,
                "kms_key_id": "",
                "volume_id": "vol-0c5b273d92130eb92",
                "volume_size": 35,
                "volume_type": "gp2"
              }
            ],
            "security_groups": [
              "default"
            ],
            "source_dest_check": true,
            "subnet_id": "subnet-faafe780",
            "tags": {
              "Count": "3",
              "Environment": "web",
              "Name": "udemy-2-web-udemy",
              "Project": "udemy",
              "Region": "us-east-2",
              "Timestamp": "2019-09-06T12-00-01Z"
            },
            "tenancy": "default",
            "timeouts": null,
            "user_data": null,
            "user_data_base64": null,
            "volume_tags": {},
            "vpc_security_group_ids": [
              "sg-b994f5da"
            ]
          },
          "private": "eyJlMmJmYjczMC1lY2FhLTExZTYtOGY4OC0zNDM2M2JjN2M0YzAiOnsiY3JlYXRlIjo2MDAwMDAwMDAwMDAsImRlbGV0ZSI6MTIwMDAwMDAwMDAwMCwidXBkYXRlIjo2MDAwMDAwMDAwMDB9LCJzY2hlbWFfdmVyc2lvbiI6IjEifQ=="
        },
        {
          "index_key": 2,
          "schema_version": 1,
          "attributes": {
            "ami": "ami-05c1fa8df71875112",
            "arn": "arn:aws:ec2:us-east-2:473876058653:instance/i-0777b40470d134be7",
            "associate_public_ip_address": true,
            "availability_zone": "us-east-2b",
            "cpu_core_count": 1,
            "cpu_threads_per_core": 1,
            "credit_specification": [
              {
                "cpu_credits": "standard"
              }
            ],
            "disable_api_termination": false,
            "ebs_block_device": [],
            "ebs_optimized": false,
            "ephemeral_block_device": [],
            "get_password_data": false,
            "host_id": null,
            "iam_instance_profile": "",
            "id": "i-0777b40470d134be7",
            "instance_initiated_shutdown_behavior": null,
            "instance_state": "running",
            "instance_type": "t2.micro",
            "ipv6_address_count": 0,
            "ipv6_addresses": [],
            "key_name": "",
            "monitoring": false,
            "network_interface": [],
            "network_interface_id": null,
            "password_data": "",
            "placement_group": "",
            "primary_network_interface_id": "eni-03620f5ae791be6cf",
            "private_dns": "ip-172-31-29-89.us-east-2.compute.internal",
            "private_ip": "172.31.29.89",
            "public_dns": "ec2-18-222-34-28.us-east-2.compute.amazonaws.com",
            "public_ip": "18.222.34.28",
            "root_block_device": [
              {
                "delete_on_termination": true,
                "encrypted": false,
                "iops": 105,
                "kms_key_id": "",
                "volume_id": "vol-07a0e3be462e48789",
                "volume_size": 35,
                "volume_type": "gp2"
              }
            ],
            "security_groups": [
              "default"
            ],
            "source_dest_check": true,
            "subnet_id": "subnet-faafe780",
            "tags": {
              "Count": "3",
              "Environment": "web",
              "Name": "udemy-3-web-udemy",
              "Project": "udemy",
              "Region": "us-east-2",
              "Timestamp": "2019-09-06T12-00-01Z"
            },
            "tenancy": "default",
            "timeouts": null,
            "user_data": null,
            "user_data_base64": null,
            "volume_tags": {},
            "vpc_security_group_ids": [
              "sg-b994f5da"
            ]
          },
          "private": "eyJlMmJmYjczMC1lY2FhLTExZTYtOGY4OC0zNDM2M2JjN2M0YzAiOnsiY3JlYXRlIjo2MDAwMDAwMDAwMDAsImRlbGV0ZSI6MTIwMDAwMDAwMDAwMCwidXBkYXRlIjo2MDAwMDAwMDAwMDB9LCJzY2hlbWFfdmVyc2lvbiI6IjEifQ=="
        }
      ]
    }
  ]
}
