{
  "version": 4,
  "terraform_version": "0.12.7",
  "serial": 6,
  "lineage": "13559e66-854c-4679-9769-f42f36e9ac4d",
  "outputs": {},
  "resources": [
    {
      "mode": "managed",
      "type": "aws_s3_bucket",
      "name": "bucket",
      "provider": "provider.aws",
      "instances": [
        {
          "schema_version": 0,
          "attributes": {
            "acceleration_status": "",
            "acl": "private",
            "arn": "arn:aws:s3:::udemy-bucket-mgr",
            "bucket": "udemy-bucket-mgr",
            "bucket_domain_name": "udemy-bucket-mgr.s3.amazonaws.com",
            "bucket_prefix": null,
            "bucket_regional_domain_name": "udemy-bucket-mgr.s3.amazonaws.com",
            "cors_rule": [],
            "force_destroy": false,
            "hosted_zone_id": "Z3AQBSTGFYJSTF",
            "id": "udemy-bucket-mgr",
            "lifecycle_rule": [],
            "logging": [
              {
                "target_bucket": "udemy-loggin-bucket-mgr",
                "target_prefix": "log/"
              }
            ],
            "object_lock_configuration": [],
            "policy": null,
            "region": "us-east-1",
            "replication_configuration": [],
            "request_payer": "BucketOwner",
            "server_side_encryption_configuration": [],
            "tags": {
              "Name": "udemy-bucket-mgr"
            },
            "versioning": [
              {
                "enabled": true,
                "mfa_delete": false
              }
            ],
            "website": [],
            "website_domain": null,
            "website_endpoint": null
          },
          "private": "bnVsbA==",
          "depends_on": [
            "aws_s3_bucket.logs_bucket"
          ]
        }
      ]
    },
    {
      "mode": "managed",
      "type": "aws_s3_bucket",
      "name": "logs_bucket",
      "provider": "provider.aws",
      "instances": [
        {
          "schema_version": 0,
          "attributes": {
            "acceleration_status": "",
            "acl": "log-delivery-write",
            "arn": "arn:aws:s3:::udemy-loggin-bucket-mgr",
            "bucket": "udemy-loggin-bucket-mgr",
            "bucket_domain_name": "udemy-loggin-bucket-mgr.s3.amazonaws.com",
            "bucket_prefix": null,
            "bucket_regional_domain_name": "udemy-loggin-bucket-mgr.s3.amazonaws.com",
            "cors_rule": [],
            "force_destroy": false,
            "hosted_zone_id": "Z3AQBSTGFYJSTF",
            "id": "udemy-loggin-bucket-mgr",
            "lifecycle_rule": [],
            "logging": [],
            "object_lock_configuration": [],
            "policy": null,
            "region": "us-east-1",
            "replication_configuration": [],
            "request_payer": "BucketOwner",
            "server_side_encryption_configuration": [],
            "tags": {},
            "versioning": [
              {
                "enabled": false,
                "mfa_delete": false
              }
            ],
            "website": [],
            "website_domain": null,
            "website_endpoint": null
          },
          "private": "bnVsbA=="
        }
      ]
    }
  ]
}
