{
  "version": 4,
  "terraform_version": "0.12.7",
  "serial": 4,
  "lineage": "6877e091-0126-5054-5cc2-564f227273f7",
  "outputs": {},
  "resources": [
    {
      "mode": "managed",
      "type": "aws_iam_access_key",
      "name": "user_key",
      "provider": "provider.aws",
      "instances": [
        {
          "schema_version": 0,
          "attributes": {
            "encrypted_secret": null,
            "id": "AKIAW4VJW2IOZMG2VSVV",
            "key_fingerprint": null,
            "pgp_key": null,
            "secret": "QEQKkrodUWHWAeRDBqfGb2w2/6Qghz66aeTa6NNE",
            "ses_smtp_password": "AuSc4nzqa7s0npk6RjpFc3ANR3yAqn0hVp0sa9hmASNO",
            "status": "Active",
            "user": "myuser"
          },
          "private": "bnVsbA==",
          "depends_on": [
            "aws_iam_user.user"
          ]
        }
      ]
    },
    {
      "mode": "managed",
      "type": "aws_iam_user",
      "name": "user",
      "provider": "provider.aws",
      "instances": [
        {
          "schema_version": 0,
          "attributes": {
            "arn": "arn:aws:iam::473876058653:user/myuser",
            "force_destroy": false,
            "id": "myuser",
            "name": "myuser",
            "path": "/",
            "permissions_boundary": null,
            "tags": null,
            "unique_id": "AIDAW4VJW2IOTA7ZSWAT3"
          },
          "private": "bnVsbA=="
        }
      ]
    },
    {
      "mode": "managed",
      "type": "aws_iam_user_policy",
      "name": "policy",
      "provider": "provider.aws",
      "instances": [
        {
          "schema_version": 0,
          "attributes": {
            "id": "myuser:mypolicy",
            "name": "mypolicy",
            "name_prefix": null,
            "policy": "{\n  \"Version\": \"2012-10-17\",\n  \"Statement\": [\n      {\n          \"Action\": \"ec2:*\",\n          \"Effect\": \"Allow\",\n          \"Resource\": \"*\"\n      },\n      {\n          \"Effect\": \"Allow\",\n          \"Action\": \"elasticloadbalancing:*\",\n          \"Resource\": \"*\"\n      },\n      {\n          \"Effect\": \"Allow\",\n          \"Action\": \"cloudwatch:*\",\n          \"Resource\": \"*\"\n      },\n      {\n          \"Effect\": \"Allow\",\n          \"Action\": \"autoscaling:*\",\n          \"Resource\": \"*\"\n      },\n      {\n          \"Effect\": \"Allow\",\n          \"Action\": \"iam:CreateServiceLinkedRole\",\n          \"Resource\": \"*\",\n          \"Condition\": {\n              \"StringEquals\": {\n                  \"iam:AWSServiceName\": [\n                      \"autoscaling.amazonaws.com\",\n                      \"ec2scheduled.amazonaws.com\",\n                      \"elasticloadbalancing.amazonaws.com\",\n                      \"spot.amazonaws.com\",\n                      \"spotfleet.amazonaws.com\",\n                      \"transitgateway.amazonaws.com\"\n                  ]\n              }\n          }\n      }\n  ]\n}\n",
            "user": "myuser"
          },
          "private": "bnVsbA==",
          "depends_on": [
            "aws_iam_user.user"
          ]
        }
      ]
    }
  ]
}
